
Microsoft Visual Studio Solution File, Format Version 12.00
# Visual Studio 15
VisualStudioVersion = 15.0.28307.1382
MinimumVisualStudioVersion = 10.0.40219.1
Project("{FAE04EC0-301F-11D3-BF4B-00C04F79EFBC}") = "Joselito-Technocell", "Joselito-Technocell\Joselito-Technocell.csproj", "{E3884F19-1EFC-429B-B7E3-0F1CBF777AAB}"
EndProject
Global
	GlobalSection(SolutionConfigurationPlatforms) = preSolution
		Debug|Any CPU = Debug|Any CPU
		Release|Any CPU = Release|Any CPU
	EndGlobalSection
	GlobalSection(ProjectConfigurationPlatforms) = postSolution
		{E3884F19-1EFC-429B-B7E3-0F1CBF777AAB}.Debug|Any CPU.ActiveCfg = Debug|Any CPU
		{E3884F19-1EFC-429B-B7E3-0F1CBF777AAB}.Debug|Any CPU.Build.0 = Debug|Any CPU
		{E3884F19-1EFC-429B-B7E3-0F1CBF777AAB}.Release|Any CPU.ActiveCfg = Release|Any CPU
		{E3884F19-1EFC-429B-B7E3-0F1CBF777AAB}.Release|Any CPU.Build.0 = Release|Any CPU
	EndGlobalSection
	GlobalSection(SolutionProperties) = preSolution
		HideSolutionNode = FALSE
	EndGlobalSection
	GlobalSection(ExtensibilityGlobals) = postSolution
		SolutionGuid = {5CBAFD0E-6A6B-4ECC-8993-DE55052734E7}
	EndGlobalSection
EndGlobal
